
Microsoft Visual Studio Solution File, Format Version 12.00
# Visual Studio Version 17
VisualStudioVersion = 17.7.34003.232
MinimumVisualStudioVersion = 10.0.40219.1
Project("{FAE04EC0-301F-11D3-BF4B-00C04F79EFBC}") = "Domain", "Domain\Domain.csproj", "{3195F421-5E16-4DF6-8E4F-7CA4F3842D7B}"
EndProject
Project("{FAE04EC0-301F-11D3-BF4B-00C04F79EFBC}") = "Aplication", "Aplication\Aplication.csproj", "{C6DBC958-50B7-4406-BDCD-D3148135B7F0}"
EndProject
Project("{FAE04EC0-301F-11D3-BF4B-00C04F79EFBC}") = "Infrastrure", "Infrastrure\Infrastrure.csproj", "{81D3F100-CE46-4514-BC3A-24DA2BAE9174}"
EndProject
Project("{2150E333-8FDC-42A3-9474-1A3956D46DE8}") = "Presentation", "Presentation", "{70B758E1-CFEC-48C0-836B-1912A1CB28EC}"
EndProject
Project("{FAE04EC0-301F-11D3-BF4B-00C04F79EFBC}") = "WebAPI", "WebAPI\WebAPI.csproj", "{2989FF1E-BE08-4893-9A5F-8A566666B30A}"
EndProject
Project("{FAE04EC0-301F-11D3-BF4B-00C04F79EFBC}") = "WebUI", "WebUI\WebUI.csproj", "{4722448A-9FDF-44C8-9425-D89289CB8AD6}"
EndProject
Global
	GlobalSection(SolutionConfigurationPlatforms) = preSolution
		Debug|Any CPU = Debug|Any CPU
		Release|Any CPU = Release|Any CPU
	EndGlobalSection
	GlobalSection(ProjectConfigurationPlatforms) = postSolution
		{3195F421-5E16-4DF6-8E4F-7CA4F3842D7B}.Debug|Any CPU.ActiveCfg = Debug|Any CPU
		{3195F421-5E16-4DF6-8E4F-7CA4F3842D7B}.Debug|Any CPU.Build.0 = Debug|Any CPU
		{3195F421-5E16-4DF6-8E4F-7CA4F3842D7B}.Release|Any CPU.ActiveCfg = Release|Any CPU
		{3195F421-5E16-4DF6-8E4F-7CA4F3842D7B}.Release|Any CPU.Build.0 = Release|Any CPU
		{C6DBC958-50B7-4406-BDCD-D3148135B7F0}.Debug|Any CPU.ActiveCfg = Debug|Any CPU
		{C6DBC958-50B7-4406-BDCD-D3148135B7F0}.Debug|Any CPU.Build.0 = Debug|Any CPU
		{C6DBC958-50B7-4406-BDCD-D3148135B7F0}.Release|Any CPU.ActiveCfg = Release|Any CPU
		{C6DBC958-50B7-4406-BDCD-D3148135B7F0}.Release|Any CPU.Build.0 = Release|Any CPU
		{81D3F100-CE46-4514-BC3A-24DA2BAE9174}.Debug|Any CPU.ActiveCfg = Debug|Any CPU
		{81D3F100-CE46-4514-BC3A-24DA2BAE9174}.Debug|Any CPU.Build.0 = Debug|Any CPU
		{81D3F100-CE46-4514-BC3A-24DA2BAE9174}.Release|Any CPU.ActiveCfg = Release|Any CPU
		{81D3F100-CE46-4514-BC3A-24DA2BAE9174}.Release|Any CPU.Build.0 = Release|Any CPU
		{2989FF1E-BE08-4893-9A5F-8A566666B30A}.Debug|Any CPU.ActiveCfg = Debug|Any CPU
		{2989FF1E-BE08-4893-9A5F-8A566666B30A}.Debug|Any CPU.Build.0 = Debug|Any CPU
		{2989FF1E-BE08-4893-9A5F-8A566666B30A}.Release|Any CPU.ActiveCfg = Release|Any CPU
		{2989FF1E-BE08-4893-9A5F-8A566666B30A}.Release|Any CPU.Build.0 = Release|Any CPU
		{4722448A-9FDF-44C8-9425-D89289CB8AD6}.Debug|Any CPU.ActiveCfg = Debug|Any CPU
		{4722448A-9FDF-44C8-9425-D89289CB8AD6}.Debug|Any CPU.Build.0 = Debug|Any CPU
		{4722448A-9FDF-44C8-9425-D89289CB8AD6}.Release|Any CPU.ActiveCfg = Release|Any CPU
		{4722448A-9FDF-44C8-9425-D89289CB8AD6}.Release|Any CPU.Build.0 = Release|Any CPU
	EndGlobalSection
	GlobalSection(SolutionProperties) = preSolution
		HideSolutionNode = FALSE
	EndGlobalSection
	GlobalSection(NestedProjects) = preSolution
		{2989FF1E-BE08-4893-9A5F-8A566666B30A} = {70B758E1-CFEC-48C0-836B-1912A1CB28EC}
		{4722448A-9FDF-44C8-9425-D89289CB8AD6} = {70B758E1-CFEC-48C0-836B-1912A1CB28EC}
	EndGlobalSection
	GlobalSection(ExtensibilityGlobals) = postSolution
		SolutionGuid = {CDA3314F-4629-4ED0-8C72-6C2FE2B97D6B}
	EndGlobalSection
EndGlobal
